
Microsoft Visual Studio Solution File, Format Version 12.00
# Visual Studio Version 17
VisualStudioVersion = 17.0.31903.59
MinimumVisualStudioVersion = 10.0.40219.1
Project("{2150E333-8FDC-42A3-9474-1A3956D46DE8}") = "src", "src", "{E4F6C4F9-4420-4B1B-BCAE-2A46FD193CC3}"
	ProjectSection(SolutionItems) = preProject
		docker-compose.yml = docker-compose.yml
	EndProjectSection
EndProject
Project("{FAE04EC0-301F-11D3-BF4B-00C04F79EFBC}") = "AuctionService", "src\AuctionService\AuctionService.csproj", "{7C9A1EDE-4970-4655-9077-72BE76414BB3}"
EndProject
Project("{FAE04EC0-301F-11D3-BF4B-00C04F79EFBC}") = "SearchService", "src\SearchService\SearchService.csproj", "{215F36F0-542C-4D84-887E-6E7CB39B6C41}"
EndProject
Project("{FAE04EC0-301F-11D3-BF4B-00C04F79EFBC}") = "Contracts", "src\Contracts\Contracts.csproj", "{9EA5AE93-8386-4CD1-80C1-CFE36DE2D483}"
EndProject
Project("{FAE04EC0-301F-11D3-BF4B-00C04F79EFBC}") = "IdentityService", "src\IdentityService\IdentityService.csproj", "{5BA34CCF-2576-49ED-82F3-BD7351BA1CD7}"
EndProject
Project("{FAE04EC0-301F-11D3-BF4B-00C04F79EFBC}") = "GatewayService", "src\GatewayService\GatewayService.csproj", "{63BA4AED-6711-491B-B9B6-499995242606}"
EndProject
Project("{FAE04EC0-301F-11D3-BF4B-00C04F79EFBC}") = "BiddingService", "src\BiddingService\BiddingService.csproj", "{9239AA10-D2FD-4DDD-8CCD-1FE552392B2F}"
EndProject
Project("{FAE04EC0-301F-11D3-BF4B-00C04F79EFBC}") = "NotificationService", "src\NotificationService\NotificationService.csproj", "{FF2659EC-1BC1-472F-B1E6-520F6AF83CA8}"
EndProject
Global
	GlobalSection(SolutionConfigurationPlatforms) = preSolution
		Debug|Any CPU = Debug|Any CPU
		Release|Any CPU = Release|Any CPU
	EndGlobalSection
	GlobalSection(ProjectConfigurationPlatforms) = postSolution
		{7C9A1EDE-4970-4655-9077-72BE76414BB3}.Debug|Any CPU.ActiveCfg = Debug|Any CPU
		{7C9A1EDE-4970-4655-9077-72BE76414BB3}.Debug|Any CPU.Build.0 = Debug|Any CPU
		{7C9A1EDE-4970-4655-9077-72BE76414BB3}.Release|Any CPU.ActiveCfg = Release|Any CPU
		{7C9A1EDE-4970-4655-9077-72BE76414BB3}.Release|Any CPU.Build.0 = Release|Any CPU
		{215F36F0-542C-4D84-887E-6E7CB39B6C41}.Debug|Any CPU.ActiveCfg = Debug|Any CPU
		{215F36F0-542C-4D84-887E-6E7CB39B6C41}.Debug|Any CPU.Build.0 = Debug|Any CPU
		{215F36F0-542C-4D84-887E-6E7CB39B6C41}.Release|Any CPU.ActiveCfg = Release|Any CPU
		{215F36F0-542C-4D84-887E-6E7CB39B6C41}.Release|Any CPU.Build.0 = Release|Any CPU
		{9EA5AE93-8386-4CD1-80C1-CFE36DE2D483}.Debug|Any CPU.ActiveCfg = Debug|Any CPU
		{9EA5AE93-8386-4CD1-80C1-CFE36DE2D483}.Debug|Any CPU.Build.0 = Debug|Any CPU
		{9EA5AE93-8386-4CD1-80C1-CFE36DE2D483}.Release|Any CPU.ActiveCfg = Release|Any CPU
		{9EA5AE93-8386-4CD1-80C1-CFE36DE2D483}.Release|Any CPU.Build.0 = Release|Any CPU
		{5BA34CCF-2576-49ED-82F3-BD7351BA1CD7}.Debug|Any CPU.ActiveCfg = Debug|Any CPU
		{5BA34CCF-2576-49ED-82F3-BD7351BA1CD7}.Debug|Any CPU.Build.0 = Debug|Any CPU
		{5BA34CCF-2576-49ED-82F3-BD7351BA1CD7}.Release|Any CPU.ActiveCfg = Release|Any CPU
		{5BA34CCF-2576-49ED-82F3-BD7351BA1CD7}.Release|Any CPU.Build.0 = Release|Any CPU
		{63BA4AED-6711-491B-B9B6-499995242606}.Debug|Any CPU.ActiveCfg = Debug|Any CPU
		{63BA4AED-6711-491B-B9B6-499995242606}.Debug|Any CPU.Build.0 = Debug|Any CPU
		{63BA4AED-6711-491B-B9B6-499995242606}.Release|Any CPU.ActiveCfg = Release|Any CPU
		{63BA4AED-6711-491B-B9B6-499995242606}.Release|Any CPU.Build.0 = Release|Any CPU
		{9239AA10-D2FD-4DDD-8CCD-1FE552392B2F}.Debug|Any CPU.ActiveCfg = Debug|Any CPU
		{9239AA10-D2FD-4DDD-8CCD-1FE552392B2F}.Debug|Any CPU.Build.0 = Debug|Any CPU
		{9239AA10-D2FD-4DDD-8CCD-1FE552392B2F}.Release|Any CPU.ActiveCfg = Release|Any CPU
		{9239AA10-D2FD-4DDD-8CCD-1FE552392B2F}.Release|Any CPU.Build.0 = Release|Any CPU
		{FF2659EC-1BC1-472F-B1E6-520F6AF83CA8}.Debug|Any CPU.ActiveCfg = Debug|Any CPU
		{FF2659EC-1BC1-472F-B1E6-520F6AF83CA8}.Debug|Any CPU.Build.0 = Debug|Any CPU
		{FF2659EC-1BC1-472F-B1E6-520F6AF83CA8}.Release|Any CPU.ActiveCfg = Release|Any CPU
		{FF2659EC-1BC1-472F-B1E6-520F6AF83CA8}.Release|Any CPU.Build.0 = Release|Any CPU
	EndGlobalSection
	GlobalSection(SolutionProperties) = preSolution
		HideSolutionNode = FALSE
	EndGlobalSection
	GlobalSection(NestedProjects) = preSolution
		{7C9A1EDE-4970-4655-9077-72BE76414BB3} = {E4F6C4F9-4420-4B1B-BCAE-2A46FD193CC3}
		{215F36F0-542C-4D84-887E-6E7CB39B6C41} = {E4F6C4F9-4420-4B1B-BCAE-2A46FD193CC3}
		{9EA5AE93-8386-4CD1-80C1-CFE36DE2D483} = {E4F6C4F9-4420-4B1B-BCAE-2A46FD193CC3}
		{5BA34CCF-2576-49ED-82F3-BD7351BA1CD7} = {E4F6C4F9-4420-4B1B-BCAE-2A46FD193CC3}
		{63BA4AED-6711-491B-B9B6-499995242606} = {E4F6C4F9-4420-4B1B-BCAE-2A46FD193CC3}
		{9239AA10-D2FD-4DDD-8CCD-1FE552392B2F} = {E4F6C4F9-4420-4B1B-BCAE-2A46FD193CC3}
		{FF2659EC-1BC1-472F-B1E6-520F6AF83CA8} = {E4F6C4F9-4420-4B1B-BCAE-2A46FD193CC3}
	EndGlobalSection
EndGlobal
